<?xml version="1.0" encoding="UTF-8" standalone="yes" ?>
<CodeBlocks_project_file>
	<FileVersion major="1" minor="6" />
	<Project>
		<Option title="Final Project" />
		<Option pch_mode="2" />
		<Option compiler="gcc" />
		<Build>
			<Target title="Debug">
				<Option output="bin/Debug/Final Project" prefix_auto="1" extension_auto="1" />
				<Option object_output="obj/Debug/" />
				<Option type="1" />
				<Option compiler="gcc" />
				<Compiler>
					<Add option="-g" />
					<Add directory="include" />
				</Compiler>
			</Target>
			<Target title="Release">
				<Option output="bin/Release/Final Project" prefix_auto="1" extension_auto="1" />
				<Option object_output="obj/Release/" />
				<Option type="1" />
				<Option compiler="gcc" />
				<Compiler>
					<Add option="-O2" />
					<Add directory="include" />
				</Compiler>
				<Linker>
					<Add option="-s" />
				</Linker>
			</Target>
		</Build>
		<Compiler>
			<Add option="-Wall" />
			<Add directory="SDL2-2.30.9/x86_64-w64-mingw32/include" />
			<Add directory="SDL2-2.30.9/x86_64-w64-mingw32/include/SDL2" />
			<Add directory="SDL_bgi-3.0.2/src" />
			<Add directory="SDL2_image-2.8.2/x86_64-w64-mingw32/include/SDL2" />
			<Add directory="SDL2_mixer-2.8.0/x86_64-w64-mingw32/include/SDL2" />
			<Add directory="SDL2_ttf-2.22.0/x86_64-w64-mingw32/include/SDL2" />
		</Compiler>
		<Linker>
			<Add option="-lmingw32 -L/mingw64/bin -lSDL_bgi" />
			<Add option="-lSDL2_ttf -lSDL2_mixer -lSDL2_image" />
			<Add option="-lSDL2main -lSDL2" />
			<Add directory="SDL2-2.30.9/x86_64-w64-mingw32/lib" />
			<Add directory="SDL_bgi-3.0.2/bin/CodeBlocks" />
			<Add directory="SDL2_image-2.8.2/x86_64-w64-mingw32/bin" />
			<Add directory="SDL2_mixer-2.8.0/x86_64-w64-mingw32/bin" />
			<Add directory="SDL2_ttf-2.22.0/x86_64-w64-mingw32/bin" />
		</Linker>
		<Unit filename="include/Backpack.h" />
		<Unit filename="include/BaseMovingObject.h" />
		<Unit filename="include/Bullet.h" />
		<Unit filename="include/Character.h" />
		<Unit filename="include/CharacterPoll.h" />
		<Unit filename="include/GamePlay.h" />
		<Unit filename="include/Monster.h" />
		<Unit filename="include/Scene.h" />
		<Unit filename="include/button.h" />
		<Unit filename="main.cpp" />
		<Unit filename="src/Backpack.cpp" />
		<Unit filename="src/BaseMovingObject.cpp" />
		<Unit filename="src/Bullet.cpp" />
		<Unit filename="src/Character.cpp" />
		<Unit filename="src/CharacterPoll.cpp" />
		<Unit filename="src/GamePlay.cpp" />
		<Unit filename="src/Monster.cpp" />
		<Unit filename="src/Scene.cpp" />
		<Unit filename="src/button.cpp" />
		<Extensions>
			<lib_finder disable_auto="1" />
		</Extensions>
	</Project>
</CodeBlocks_project_file>
